
Microsoft Visual Studio Solution File, Format Version 12.00
# Visual Studio Version 17
VisualStudioVersion = 17.13.35913.81
MinimumVisualStudioVersion = 10.0.40219.1
Project("{FAE04EC0-301F-11D3-BF4B-00C04F79EFBC}") = "UsersTasks", "UsersTasks\UsersTasks.csproj", "{EDAD0A26-D7D6-4C06-8BFB-DBF4E68A72F5}"
EndProject
Project("{FAE04EC0-301F-11D3-BF4B-00C04F79EFBC}") = "UsersTasksAPITests", "UsersTasksAPITests\UsersTasksAPITests.csproj", "{E4CDBE21-D73F-4BC4-ACA6-D661994DAE4B}"
EndProject
Project("{2150E333-8FDC-42A3-9474-1A3956D46DE8}") = "Itens de Solução", "Itens de Solução", "{380A7511-A354-6D7A-0CC0-8FA1F1BA7B6C}"
	ProjectSection(SolutionItems) = preProject
		README.MD = README.MD
	EndProjectSection
EndProject
Global
	GlobalSection(SolutionConfigurationPlatforms) = preSolution
		Debug|Any CPU = Debug|Any CPU
		Release|Any CPU = Release|Any CPU
	EndGlobalSection
	GlobalSection(ProjectConfigurationPlatforms) = postSolution
		{EDAD0A26-D7D6-4C06-8BFB-DBF4E68A72F5}.Debug|Any CPU.ActiveCfg = Debug|Any CPU
		{EDAD0A26-D7D6-4C06-8BFB-DBF4E68A72F5}.Debug|Any CPU.Build.0 = Debug|Any CPU
		{EDAD0A26-D7D6-4C06-8BFB-DBF4E68A72F5}.Release|Any CPU.ActiveCfg = Release|Any CPU
		{EDAD0A26-D7D6-4C06-8BFB-DBF4E68A72F5}.Release|Any CPU.Build.0 = Release|Any CPU
		{E4CDBE21-D73F-4BC4-ACA6-D661994DAE4B}.Debug|Any CPU.ActiveCfg = Debug|Any CPU
		{E4CDBE21-D73F-4BC4-ACA6-D661994DAE4B}.Debug|Any CPU.Build.0 = Debug|Any CPU
		{E4CDBE21-D73F-4BC4-ACA6-D661994DAE4B}.Release|Any CPU.ActiveCfg = Release|Any CPU
		{E4CDBE21-D73F-4BC4-ACA6-D661994DAE4B}.Release|Any CPU.Build.0 = Release|Any CPU
	EndGlobalSection
	GlobalSection(SolutionProperties) = preSolution
		HideSolutionNode = FALSE
	EndGlobalSection
	GlobalSection(ExtensibilityGlobals) = postSolution
		SolutionGuid = {68DE01BF-3E90-40B5-8065-54EDD4B4911C}
	EndGlobalSection
EndGlobal
